
Microsoft Visual Studio Solution File, Format Version 12.00
# Visual Studio Version 16
VisualStudioVersion = 16.0.29728.190
MinimumVisualStudioVersion = 10.0.40219.1
Project("{2150E333-8FDC-42A3-9474-1A3956D46DE8}") = "Application", "Application", "{6D2A2C44-8C5A-4886-AEB5-0639D487355C}"
EndProject
Project("{2150E333-8FDC-42A3-9474-1A3956D46DE8}") = "Domain", "Domain", "{0FCAAD4E-358C-41F9-A913-0796D4A3333E}"
EndProject
Project("{2150E333-8FDC-42A3-9474-1A3956D46DE8}") = "Infra.IoC", "Infra.IoC", "{AD01E4A7-C002-4740-97F7-FC248A7ECF9A}"
EndProject
Project("{2150E333-8FDC-42A3-9474-1A3956D46DE8}") = "Infra.Data", "Infra.Data", "{1DD8904F-70F4-42AC-84EF-883A57D77362}"
EndProject
Project("{2150E333-8FDC-42A3-9474-1A3956D46DE8}") = "Presentation", "Presentation", "{FBE9DC6A-4C55-46B8-A49F-41E87937FE13}"
EndProject
Project("{9A19103F-16F7-4668-BE54-9A1E7A4F7556}") = "CleanArch.Mvc", "CleanArch.Mvc\CleanArch.Mvc.csproj", "{A8E7E79C-5571-4A8E-AF27-70021C302544}"
EndProject
Project("{9A19103F-16F7-4668-BE54-9A1E7A4F7556}") = "CleanArch.Domain", "CleanArch.Domain\CleanArch.Domain.csproj", "{194D68D5-9A6C-470B-B92A-22CC31ADEBF5}"
EndProject
Project("{9A19103F-16F7-4668-BE54-9A1E7A4F7556}") = "CleanArch.Infra.Data", "CleanArch.Infra.Data\CleanArch.Infra.Data.csproj", "{978740BA-5276-49B2-9262-A231249EE7A7}"
EndProject
Project("{FAE04EC0-301F-11D3-BF4B-00C04F79EFBC}") = "CleanArch.Application", "CleanArch.Application\CleanArch.Application.csproj", "{7AEAC3C6-3B2C-4217-81F9-E544DA32F158}"
EndProject
Global
	GlobalSection(SolutionConfigurationPlatforms) = preSolution
		Debug|Any CPU = Debug|Any CPU
		Release|Any CPU = Release|Any CPU
	EndGlobalSection
	GlobalSection(ProjectConfigurationPlatforms) = postSolution
		{A8E7E79C-5571-4A8E-AF27-70021C302544}.Debug|Any CPU.ActiveCfg = Debug|Any CPU
		{A8E7E79C-5571-4A8E-AF27-70021C302544}.Debug|Any CPU.Build.0 = Debug|Any CPU
		{A8E7E79C-5571-4A8E-AF27-70021C302544}.Release|Any CPU.ActiveCfg = Release|Any CPU
		{A8E7E79C-5571-4A8E-AF27-70021C302544}.Release|Any CPU.Build.0 = Release|Any CPU
		{194D68D5-9A6C-470B-B92A-22CC31ADEBF5}.Debug|Any CPU.ActiveCfg = Debug|Any CPU
		{194D68D5-9A6C-470B-B92A-22CC31ADEBF5}.Debug|Any CPU.Build.0 = Debug|Any CPU
		{194D68D5-9A6C-470B-B92A-22CC31ADEBF5}.Release|Any CPU.ActiveCfg = Release|Any CPU
		{194D68D5-9A6C-470B-B92A-22CC31ADEBF5}.Release|Any CPU.Build.0 = Release|Any CPU
		{978740BA-5276-49B2-9262-A231249EE7A7}.Debug|Any CPU.ActiveCfg = Debug|Any CPU
		{978740BA-5276-49B2-9262-A231249EE7A7}.Debug|Any CPU.Build.0 = Debug|Any CPU
		{978740BA-5276-49B2-9262-A231249EE7A7}.Release|Any CPU.ActiveCfg = Release|Any CPU
		{978740BA-5276-49B2-9262-A231249EE7A7}.Release|Any CPU.Build.0 = Release|Any CPU
		{7AEAC3C6-3B2C-4217-81F9-E544DA32F158}.Debug|Any CPU.ActiveCfg = Debug|Any CPU
		{7AEAC3C6-3B2C-4217-81F9-E544DA32F158}.Debug|Any CPU.Build.0 = Debug|Any CPU
		{7AEAC3C6-3B2C-4217-81F9-E544DA32F158}.Release|Any CPU.ActiveCfg = Release|Any CPU
		{7AEAC3C6-3B2C-4217-81F9-E544DA32F158}.Release|Any CPU.Build.0 = Release|Any CPU
	EndGlobalSection
	GlobalSection(SolutionProperties) = preSolution
		HideSolutionNode = FALSE
	EndGlobalSection
	GlobalSection(NestedProjects) = preSolution
		{A8E7E79C-5571-4A8E-AF27-70021C302544} = {FBE9DC6A-4C55-46B8-A49F-41E87937FE13}
		{194D68D5-9A6C-470B-B92A-22CC31ADEBF5} = {0FCAAD4E-358C-41F9-A913-0796D4A3333E}
		{978740BA-5276-49B2-9262-A231249EE7A7} = {1DD8904F-70F4-42AC-84EF-883A57D77362}
		{7AEAC3C6-3B2C-4217-81F9-E544DA32F158} = {6D2A2C44-8C5A-4886-AEB5-0639D487355C}
	EndGlobalSection
	GlobalSection(ExtensibilityGlobals) = postSolution
		SolutionGuid = {CFF5237C-9BAD-419D-8F34-225FB814C11D}
	EndGlobalSection
EndGlobal
